
Microsoft Visual Studio Solution File, Format Version 12.00
# Visual Studio Version 17
VisualStudioVersion = 17.3.32901.215
MinimumVisualStudioVersion = 10.0.40219.1
Project("{9A19103F-16F7-4668-BE54-9A1E7A4F7556}") = "PracticeGUI", "PracticeGUI\PracticeGUI.csproj", "{D1E3A7E0-AE75-47B4-90F5-9404CC0B741D}"
EndProject
Global
	GlobalSection(SolutionConfigurationPlatforms) = preSolution
		Debug|Any CPU = Debug|Any CPU
		Release|Any CPU = Release|Any CPU
	EndGlobalSection
	GlobalSection(ProjectConfigurationPlatforms) = postSolution
		{D1E3A7E0-AE75-47B4-90F5-9404CC0B741D}.Debug|Any CPU.ActiveCfg = Debug|Any CPU
		{D1E3A7E0-AE75-47B4-90F5-9404CC0B741D}.Debug|Any CPU.Build.0 = Debug|Any CPU
		{D1E3A7E0-AE75-47B4-90F5-9404CC0B741D}.Release|Any CPU.ActiveCfg = Release|Any CPU
		{D1E3A7E0-AE75-47B4-90F5-9404CC0B741D}.Release|Any CPU.Build.0 = Release|Any CPU
	EndGlobalSection
	GlobalSection(SolutionProperties) = preSolution
		HideSolutionNode = FALSE
	EndGlobalSection
	GlobalSection(ExtensibilityGlobals) = postSolution
		SolutionGuid = {6A23DF21-F31A-40B6-B708-C63623CA2A3A}
	EndGlobalSection
EndGlobal
